
Microsoft Visual Studio Solution File, Format Version 12.00
# Visual Studio 15
VisualStudioVersion = 15.0.27703.2035
MinimumVisualStudioVersion = 10.0.40219.1
Project("{FAE04EC0-301F-11D3-BF4B-00C04F79EFBC}") = "HomeWorkA1", "HomeWorkA1\HomeWorkA1.csproj", "{8920FB44-1C39-4AC4-A8A2-3661DAFA1291}"
EndProject
Global
	GlobalSection(SolutionConfigurationPlatforms) = preSolution
		Debug|Any CPU = Debug|Any CPU
		Release|Any CPU = Release|Any CPU
	EndGlobalSection
	GlobalSection(ProjectConfigurationPlatforms) = postSolution
		{8920FB44-1C39-4AC4-A8A2-3661DAFA1291}.Debug|Any CPU.ActiveCfg = Debug|Any CPU
		{8920FB44-1C39-4AC4-A8A2-3661DAFA1291}.Debug|Any CPU.Build.0 = Debug|Any CPU
		{8920FB44-1C39-4AC4-A8A2-3661DAFA1291}.Release|Any CPU.ActiveCfg = Release|Any CPU
		{8920FB44-1C39-4AC4-A8A2-3661DAFA1291}.Release|Any CPU.Build.0 = Release|Any CPU
	EndGlobalSection
	GlobalSection(SolutionProperties) = preSolution
		HideSolutionNode = FALSE
	EndGlobalSection
	GlobalSection(ExtensibilityGlobals) = postSolution
		SolutionGuid = {D7440C4D-BCD4-4212-8F67-AE0A2595938A}
	EndGlobalSection
EndGlobal
